
Microsoft Visual Studio Solution File, Format Version 12.00
# Visual Studio Version 17
VisualStudioVersion = 17.3.32819.101
MinimumVisualStudioVersion = 10.0.40219.1
Project("{FAE04EC0-301F-11D3-BF4B-00C04F79EFBC}") = "CRM", "CRM\CRM.csproj", "{2A1C5816-FD6A-428B-B49D-C42ECE0FB80A}"
EndProject
Global
	GlobalSection(SolutionConfigurationPlatforms) = preSolution
		Debug|Any CPU = Debug|Any CPU
		Release|Any CPU = Release|Any CPU
	EndGlobalSection
	GlobalSection(ProjectConfigurationPlatforms) = postSolution
		{2A1C5816-FD6A-428B-B49D-C42ECE0FB80A}.Debug|Any CPU.ActiveCfg = Debug|Any CPU
		{2A1C5816-FD6A-428B-B49D-C42ECE0FB80A}.Debug|Any CPU.Build.0 = Debug|Any CPU
		{2A1C5816-FD6A-428B-B49D-C42ECE0FB80A}.Release|Any CPU.ActiveCfg = Release|Any CPU
		{2A1C5816-FD6A-428B-B49D-C42ECE0FB80A}.Release|Any CPU.Build.0 = Release|Any CPU
	EndGlobalSection
	GlobalSection(SolutionProperties) = preSolution
		HideSolutionNode = FALSE
	EndGlobalSection
	GlobalSection(ExtensibilityGlobals) = postSolution
		SolutionGuid = {416E6BC9-92C3-46B5-A291-F268D6F80155}
	EndGlobalSection
EndGlobal
